// !$*UTF8*$!
{
	archiveVersion = 1;
	classes = {
	};
	objectVersion = 46;
	objects = {

/* Begin PBXBuildFile section */
		87794D471C0C46430023CB06 /* AppDelegate.swift in Sources */ = {isa = PBXBuildFile; fileRef = 87794D461C0C46430023CB06 /* AppDelegate.swift */; };
		87794D491C0C46430023CB06 /* ViewController.swift in Sources */ = {isa = PBXBuildFile; fileRef = 87794D481C0C46430023CB06 /* ViewController.swift */; };
		87794D4C1C0C46430023CB06 /* Main.storyboard in Resources */ = {isa = PBXBuildFile; fileRef = 87794D4A1C0C46430023CB06 /* Main.storyboard */; };
		87794D4E1C0C46430023CB06 /* Assets.xcassets in Resources */ = {isa = PBXBuildFile; fileRef = 87794D4D1C0C46430023CB06 /* Assets.xcassets */; };
		87794D511C0C46430023CB06 /* LaunchScreen.storyboard in Resources */ = {isa = PBXBuildFile; fileRef = 87794D4F1C0C46430023CB06 /* LaunchScreen.storyboard */; };
		87794D591C0C46870023CB06 /* Operand.swift in Sources */ = {isa = PBXBuildFile; fileRef = 87794D581C0C46870023CB06 /* Operand.swift */; };
		87794D5B1C0C46970023CB06 /* BaseType.swift in Sources */ = {isa = PBXBuildFile; fileRef = 87794D5A1C0C46970023CB06 /* BaseType.swift */; };
		87794D5D1C0C46DB0023CB06 /* Function.swift in Sources */ = {isa = PBXBuildFile; fileRef = 87794D5C1C0C46DB0023CB06 /* Function.swift */; };
		87794D5F1C0C46F20023CB06 /* Equation.swift in Sources */ = {isa = PBXBuildFile; fileRef = 87794D5E1C0C46F20023CB06 /* Equation.swift */; };
		87794D611C0C47130023CB06 /* SetOfEquations.swift in Sources */ = {isa = PBXBuildFile; fileRef = 87794D601C0C47130023CB06 /* SetOfEquations.swift */; };
		87794D631C0C472B0023CB06 /* Vector.swift in Sources */ = {isa = PBXBuildFile; fileRef = 87794D621C0C472B0023CB06 /* Vector.swift */; };
		87794D651C0C475F0023CB06 /* VectorSet.swift in Sources */ = {isa = PBXBuildFile; fileRef = 87794D641C0C475F0023CB06 /* VectorSet.swift */; };
		877BD28E1C15AEB800B3C90C /* UserInput.swift in Sources */ = {isa = PBXBuildFile; fileRef = 877BD28D1C15AEB800B3C90C /* UserInput.swift */; };
		87B692931C18386200DDB628 /* ResultViewController.swift in Sources */ = {isa = PBXBuildFile; fileRef = 87B692921C18386200DDB628 /* ResultViewController.swift */; };
		87B692951C187BF400DDB628 /* OutputGenerator.swift in Sources */ = {isa = PBXBuildFile; fileRef = 87B692941C187BF400DDB628 /* OutputGenerator.swift */; };
		87B692971C1888E500DDB628 /* Plan.swift in Sources */ = {isa = PBXBuildFile; fileRef = 87B692961C1888E500DDB628 /* Plan.swift */; };
/* End PBXBuildFile section */

/* Begin PBXFileReference section */
		87794D431C0C46430023CB06 /* simplex.app */ = {isa = PBXFileReference; explicitFileType = wrapper.application; includeInIndex = 0; path = simplex.app; sourceTree = BUILT_PRODUCTS_DIR; };
		87794D461C0C46430023CB06 /* AppDelegate.swift */ = {isa = PBXFileReference; lastKnownFileType = sourcecode.swift; path = AppDelegate.swift; sourceTree = "<group>"; };
		87794D481C0C46430023CB06 /* ViewController.swift */ = {isa = PBXFileReference; lastKnownFileType = sourcecode.swift; path = ViewController.swift; sourceTree = "<group>"; };
		87794D4B1C0C46430023CB06 /* Base */ = {isa = PBXFileReference; lastKnownFileType = file.storyboard; name = Base; path = Base.lproj/Main.storyboard; sourceTree = "<group>"; };
		87794D4D1C0C46430023CB06 /* Assets.xcassets */ = {isa = PBXFileReference; lastKnownFileType = folder.assetcatalog; path = Assets.xcassets; sourceTree = "<group>"; };
		87794D501C0C46430023CB06 /* Base */ = {isa = PBXFileReference; lastKnownFileType = file.storyboard; name = Base; path = Base.lproj/LaunchScreen.storyboard; sourceTree = "<group>"; };
		87794D521C0C46430023CB06 /* Info.plist */ = {isa = PBXFileReference; lastKnownFileType = text.plist.xml; path = Info.plist; sourceTree = "<group>"; };
		87794D581C0C46870023CB06 /* Operand.swift */ = {isa = PBXFileReference; fileEncoding = 4; lastKnownFileType = sourcecode.swift; path = Operand.swift; sourceTree = "<group>"; };
		87794D5A1C0C46970023CB06 /* BaseType.swift */ = {isa = PBXFileReference; fileEncoding = 4; lastKnownFileType = sourcecode.swift; path = BaseType.swift; sourceTree = "<group>"; };
		87794D5C1C0C46DB0023CB06 /* Function.swift */ = {isa = PBXFileReference; fileEncoding = 4; lastKnownFileType = sourcecode.swift; path = Function.swift; sourceTree = "<group>"; };
		87794D5E1C0C46F20023CB06 /* Equation.swift */ = {isa = PBXFileReference; fileEncoding = 4; lastKnownFileType = sourcecode.swift; path = Equation.swift; sourceTree = "<group>"; };
		87794D601C0C47130023CB06 /* SetOfEquations.swift */ = {isa = PBXFileReference; fileEncoding = 4; lastKnownFileType = sourcecode.swift; path = SetOfEquations.swift; sourceTree = "<group>"; };
		87794D621C0C472B0023CB06 /* Vector.swift */ = {isa = PBXFileReference; fileEncoding = 4; lastKnownFileType = sourcecode.swift; path = Vector.swift; sourceTree = "<group>"; };
		87794D641C0C475F0023CB06 /* VectorSet.swift */ = {isa = PBXFileReference; fileEncoding = 4; lastKnownFileType = sourcecode.swift; path = VectorSet.swift; sourceTree = "<group>"; };
		877BD28D1C15AEB800B3C90C /* UserInput.swift */ = {isa = PBXFileReference; fileEncoding = 4; lastKnownFileType = sourcecode.swift; path = UserInput.swift; sourceTree = "<group>"; };
		87B692921C18386200DDB628 /* ResultViewController.swift */ = {isa = PBXFileReference; fileEncoding = 4; lastKnownFileType = sourcecode.swift; path = ResultViewController.swift; sourceTree = "<group>"; };
		87B692941C187BF400DDB628 /* OutputGenerator.swift */ = {isa = PBXFileReference; fileEncoding = 4; lastKnownFileType = sourcecode.swift; path = OutputGenerator.swift; sourceTree = "<group>"; };
		87B692961C1888E500DDB628 /* Plan.swift */ = {isa = PBXFileReference; fileEncoding = 4; lastKnownFileType = sourcecode.swift; path = Plan.swift; sourceTree = "<group>"; };
/* End PBXFileReference section */

/* Begin PBXFrameworksBuildPhase section */
		87794D401C0C46430023CB06 /* Frameworks */ = {
			isa = PBXFrameworksBuildPhase;
			buildActionMask = 2147483647;
			files = (
			);
			runOnlyForDeploymentPostprocessing = 0;
		};
/* End PBXFrameworksBuildPhase section */

/* Begin PBXGroup section */
		87794D3A1C0C46430023CB06 = {
			isa = PBXGroup;
			children = (
				87794D451C0C46430023CB06 /* simplex */,
				87794D441C0C46430023CB06 /* Products */,
			);
			sourceTree = "<group>";
		};
		87794D441C0C46430023CB06 /* Products */ = {
			isa = PBXGroup;
			children = (
				87794D431C0C46430023CB06 /* simplex.app */,
			);
			name = Products;
			sourceTree = "<group>";
		};
		87794D451C0C46430023CB06 /* simplex */ = {
			isa = PBXGroup;
			children = (
				87794D461C0C46430023CB06 /* AppDelegate.swift */,
				87794D481C0C46430023CB06 /* ViewController.swift */,
				87B692941C187BF400DDB628 /* OutputGenerator.swift */,
				87B692921C18386200DDB628 /* ResultViewController.swift */,
				877BD28D1C15AEB800B3C90C /* UserInput.swift */,
				87794D4A1C0C46430023CB06 /* Main.storyboard */,
				87794D641C0C475F0023CB06 /* VectorSet.swift */,
				87794D581C0C46870023CB06 /* Operand.swift */,
				87794D5A1C0C46970023CB06 /* BaseType.swift */,
				87794D5C1C0C46DB0023CB06 /* Function.swift */,
				87794D5E1C0C46F20023CB06 /* Equation.swift */,
				87794D601C0C47130023CB06 /* SetOfEquations.swift */,
				87794D621C0C472B0023CB06 /* Vector.swift */,
				87B692961C1888E500DDB628 /* Plan.swift */,
				87794D4D1C0C46430023CB06 /* Assets.xcassets */,
				87794D4F1C0C46430023CB06 /* LaunchScreen.storyboard */,
				87794D521C0C46430023CB06 /* Info.plist */,
			);
			path = simplex;
			sourceTree = "<group>";
		};
/* End PBXGroup section */

/* Begin PBXNativeTarget section */
		87794D421C0C46430023CB06 /* simplex */ = {
			isa = PBXNativeTarget;
			buildConfigurationList = 87794D551C0C46430023CB06 /* Build configuration list for PBXNativeTarget "simplex" */;
			buildPhases = (
				87794D3F1C0C46430023CB06 /* Sources */,
				87794D401C0C46430023CB06 /* Frameworks */,
				87794D411C0C46430023CB06 /* Resources */,
			);
			buildRules = (
			);
			dependencies = (
			);
			name = simplex;
			productName = simplex;
			productReference = 87794D431C0C46430023CB06 /* simplex.app */;
			productType = "com.apple.product-type.application";
		};
/* End PBXNativeTarget section */

/* Begin PBXProject section */
		87794D3B1C0C46430023CB06 /* Project object */ = {
			isa = PBXProject;
			attributes = {
				LastSwiftUpdateCheck = 0710;
				LastUpgradeCheck = 0710;
				ORGANIZATIONNAME = "Михаил";
				TargetAttributes = {
					87794D421C0C46430023CB06 = {
						CreatedOnToolsVersion = 7.1.1;
						DevelopmentTeam = W947MWL4G2;
					};
				};
			};
			buildConfigurationList = 87794D3E1C0C46430023CB06 /* Build configuration list for PBXProject "simplex" */;
			compatibilityVersion = "Xcode 3.2";
			developmentRegion = English;
			hasScannedForEncodings = 0;
			knownRegions = (
				en,
				Base,
			);
			mainGroup = 87794D3A1C0C46430023CB06;
			productRefGroup = 87794D441C0C46430023CB06 /* Products */;
			projectDirPath = "";
			projectRoot = "";
			targets = (
				87794D421C0C46430023CB06 /* simplex */,
			);
		};
/* End PBXProject section */

/* Begin PBXResourcesBuildPhase section */
		87794D411C0C46430023CB06 /* Resources */ = {
			isa = PBXResourcesBuildPhase;
			buildActionMask = 2147483647;
			files = (
				87794D511C0C46430023CB06 /* LaunchScreen.storyboard in Resources */,
				87794D4E1C0C46430023CB06 /* Assets.xcassets in Resources */,
				87794D4C1C0C46430023CB06 /* Main.storyboard in Resources */,
			);
			runOnlyForDeploymentPostprocessing = 0;
		};
/* End PBXResourcesBuildPhase section */

/* Begin PBXSourcesBuildPhase section */
		87794D3F1C0C46430023CB06 /* Sources */ = {
			isa = PBXSourcesBuildPhase;
			buildActionMask = 2147483647;
			files = (
				87794D591C0C46870023CB06 /* Operand.swift in Sources */,
				87794D491C0C46430023CB06 /* ViewController.swift in Sources */,
				87B692971C1888E500DDB628 /* Plan.swift in Sources */,
				87B692951C187BF400DDB628 /* OutputGenerator.swift in Sources */,
				87794D631C0C472B0023CB06 /* Vector.swift in Sources */,
				877BD28E1C15AEB800B3C90C /* UserInput.swift in Sources */,
				87794D5B1C0C46970023CB06 /* BaseType.swift in Sources */,
				87794D651C0C475F0023CB06 /* VectorSet.swift in Sources */,
				87794D471C0C46430023CB06 /* AppDelegate.swift in Sources */,
				87794D611C0C47130023CB06 /* SetOfEquations.swift in Sources */,
				87794D5D1C0C46DB0023CB06 /* Function.swift in Sources */,
				87794D5F1C0C46F20023CB06 /* Equation.swift in Sources */,
				87B692931C18386200DDB628 /* ResultViewController.swift in Sources */,
			);
			runOnlyForDeploymentPostprocessing = 0;
		};
/* End PBXSourcesBuildPhase section */

/* Begin PBXVariantGroup section */
		87794D4A1C0C46430023CB06 /* Main.storyboard */ = {
			isa = PBXVariantGroup;
			children = (
				87794D4B1C0C46430023CB06 /* Base */,
			);
			name = Main.storyboard;
			sourceTree = "<group>";
		};
		87794D4F1C0C46430023CB06 /* LaunchScreen.storyboard */ = {
			isa = PBXVariantGroup;
			children = (
				87794D501C0C46430023CB06 /* Base */,
			);
			name = LaunchScreen.storyboard;
			sourceTree = "<group>";
		};
/* End PBXVariantGroup section */

/* Begin XCBuildConfiguration section */
		87794D531C0C46430023CB06 /* Debug */ = {
			isa = XCBuildConfiguration;
			buildSettings = {
				ALWAYS_SEARCH_USER_PATHS = NO;
				CLANG_CXX_LANGUAGE_STANDARD = "gnu++0x";
				CLANG_CXX_LIBRARY = "libc++";
				CLANG_ENABLE_MODULES = YES;
				CLANG_ENABLE_OBJC_ARC = YES;
				CLANG_WARN_BOOL_CONVERSION = YES;
				CLANG_WARN_CONSTANT_CONVERSION = YES;
				CLANG_WARN_DIRECT_OBJC_ISA_USAGE = YES_ERROR;
				CLANG_WARN_EMPTY_BODY = YES;
				CLANG_WARN_ENUM_CONVERSION = YES;
				CLANG_WARN_INT_CONVERSION = YES;
				CLANG_WARN_OBJC_ROOT_CLASS = YES_ERROR;
				CLANG_WARN_UNREACHABLE_CODE = YES;
				CLANG_WARN__DUPLICATE_METHOD_MATCH = YES;
				"CODE_SIGN_IDENTITY[sdk=iphoneos*]" = "iPhone Developer";
				COPY_PHASE_STRIP = NO;
				DEBUG_INFORMATION_FORMAT = dwarf;
				ENABLE_STRICT_OBJC_MSGSEND = YES;
				ENABLE_TESTABILITY = YES;
				GCC_C_LANGUAGE_STANDARD = gnu99;
				GCC_DYNAMIC_NO_PIC = NO;
				GCC_NO_COMMON_BLOCKS = YES;
				GCC_OPTIMIZATION_LEVEL = 0;
				GCC_PREPROCESSOR_DEFINITIONS = (
					"DEBUG=1",
					"$(inherited)",
				);
				GCC_WARN_64_TO_32_BIT_CONVERSION = YES;
				GCC_WARN_ABOUT_RETURN_TYPE = YES_ERROR;
				GCC_WARN_UNDECLARED_SELECTOR = YES;
				GCC_WARN_UNINITIALIZED_AUTOS = YES_AGGRESSIVE;
				GCC_WARN_UNUSED_FUNCTION = YES;
				GCC_WARN_UNUSED_VARIABLE = YES;
				IPHONEOS_DEPLOYMENT_TARGET = 9.1;
				MTL_ENABLE_DEBUG_INFO = YES;
				ONLY_ACTIVE_ARCH = YES;
				SDKROOT = iphoneos;
				SWIFT_OPTIMIZATION_LEVEL = "-Onone";
				TARGETED_DEVICE_FAMILY = "1,2";
			};
			name = Debug;
		};
		87794D541C0C46430023CB06 /* Release */ = {
			isa = XCBuildConfiguration;
			buildSettings = {
				ALWAYS_SEARCH_USER_PATHS = NO;
				CLANG_CXX_LANGUAGE_STANDARD = "gnu++0x";
				CLANG_CXX_LIBRARY = "libc++";
				CLANG_ENABLE_MODULES = YES;
				CLANG_ENABLE_OBJC_ARC = YES;
				CLANG_WARN_BOOL_CONVERSION = YES;
				CLANG_WARN_CONSTANT_CONVERSION = YES;
				CLANG_WARN_DIRECT_OBJC_ISA_USAGE = YES_ERROR;
				CLANG_WARN_EMPTY_BODY = YES;
				CLANG_WARN_ENUM_CONVERSION = YES;
				CLANG_WARN_INT_CONVERSION = YES;
				CLANG_WARN_OBJC_ROOT_CLASS = YES_ERROR;
				CLANG_WARN_UNREACHABLE_CODE = YES;
				CLANG_WARN__DUPLICATE_METHOD_MATCH = YES;
				"CODE_SIGN_IDENTITY[sdk=iphoneos*]" = "iPhone Developer";
				COPY_PHASE_STRIP = NO;
				DEBUG_INFORMATION_FORMAT = "dwarf-with-dsym";
				ENABLE_NS_ASSERTIONS = NO;
				ENABLE_STRICT_OBJC_MSGSEND = YES;
				GCC_C_LANGUAGE_STANDARD = gnu99;
				GCC_NO_COMMON_BLOCKS = YES;
				GCC_WARN_64_TO_32_BIT_CONVERSION = YES;
				GCC_WARN_ABOUT_RETURN_TYPE = YES_ERROR;
				GCC_WARN_UNDECLARED_SELECTOR = YES;
				GCC_WARN_UNINITIALIZED_AUTOS = YES_AGGRESSIVE;
				GCC_WARN_UNUSED_FUNCTION = YES;
				GCC_WARN_UNUSED_VARIABLE = YES;
				IPHONEOS_DEPLOYMENT_TARGET = 9.1;
				MTL_ENABLE_DEBUG_INFO = NO;
				SDKROOT = iphoneos;
				TARGETED_DEVICE_FAMILY = "1,2";
				VALIDATE_PRODUCT = YES;
			};
			name = Release;
		};
		87794D561C0C46430023CB06 /* Debug */ = {
			isa = XCBuildConfiguration;
			buildSettings = {
				ASSETCATALOG_COMPILER_APPICON_NAME = AppIcon;
				INFOPLIST_FILE = simplex/Info.plist;
				LD_RUNPATH_SEARCH_PATHS = "$(inherited) @executable_path/Frameworks";
				PRODUCT_BUNDLE_IDENTIFIER = com.example.simplex;
				PRODUCT_NAME = "$(TARGET_NAME)";
			};
			name = Debug;
		};
		87794D571C0C46430023CB06 /* Release */ = {
			isa = XCBuildConfiguration;
			buildSettings = {
				ASSETCATALOG_COMPILER_APPICON_NAME = AppIcon;
				INFOPLIST_FILE = simplex/Info.plist;
				LD_RUNPATH_SEARCH_PATHS = "$(inherited) @executable_path/Frameworks";
				PRODUCT_BUNDLE_IDENTIFIER = com.example.simplex;
				PRODUCT_NAME = "$(TARGET_NAME)";
			};
			name = Release;
		};
/* End XCBuildConfiguration section */

/* Begin XCConfigurationList section */
		87794D3E1C0C46430023CB06 /* Build configuration list for PBXProject "simplex" */ = {
			isa = XCConfigurationList;
			buildConfigurations = (
				87794D531C0C46430023CB06 /* Debug */,
				87794D541C0C46430023CB06 /* Release */,
			);
			defaultConfigurationIsVisible = 0;
			defaultConfigurationName = Release;
		};
		87794D551C0C46430023CB06 /* Build configuration list for PBXNativeTarget "simplex" */ = {
			isa = XCConfigurationList;
			buildConfigurations = (
				87794D561C0C46430023CB06 /* Debug */,
				87794D571C0C46430023CB06 /* Release */,
			);
			defaultConfigurationIsVisible = 0;
			defaultConfigurationName = Release;
		};
/* End XCConfigurationList section */
	};
	rootObject = 87794D3B1C0C46430023CB06 /* Project object */;
}
